// !$*UTF8*$!
{
	archiveVersion = 1;
	classes = {
	};
	objectVersion = 50;
	objects = {

/* Begin PBXBuildFile section */
		29161AC22359D8C600B2C564 /* DrawerSnapPoint.swift in Sources */ = {isa = PBXBuildFile; fileRef = 29161AC12359D8C600B2C564 /* DrawerSnapPoint.swift */; };
		9201657E2355A8FD006D5B51 /* AppDelegate.swift in Sources */ = {isa = PBXBuildFile; fileRef = 9201657D2355A8FD006D5B51 /* AppDelegate.swift */; };
		920165822355A8FD006D5B51 /* ViewController.swift in Sources */ = {isa = PBXBuildFile; fileRef = 920165812355A8FD006D5B51 /* ViewController.swift */; };
		920165852355A8FD006D5B51 /* Main.storyboard in Resources */ = {isa = PBXBuildFile; fileRef = 920165832355A8FD006D5B51 /* Main.storyboard */; };
		920165872355A900006D5B51 /* Assets.xcassets in Resources */ = {isa = PBXBuildFile; fileRef = 920165862355A900006D5B51 /* Assets.xcassets */; };
		9201658A2355A900006D5B51 /* LaunchScreen.storyboard in Resources */ = {isa = PBXBuildFile; fileRef = 920165882355A900006D5B51 /* LaunchScreen.storyboard */; };
		920165932355CC59006D5B51 /* DrawerPresentationController.swift in Sources */ = {isa = PBXBuildFile; fileRef = 920165922355CC59006D5B51 /* DrawerPresentationController.swift */; };
		920165952355CC6B006D5B51 /* DrawerTransitioningDelegate.swift in Sources */ = {isa = PBXBuildFile; fileRef = 920165942355CC6B006D5B51 /* DrawerTransitioningDelegate.swift */; };
		920165972355CC7D006D5B51 /* DrawerViewController.swift in Sources */ = {isa = PBXBuildFile; fileRef = 920165962355CC7D006D5B51 /* DrawerViewController.swift */; };
		920165992355F811006D5B51 /* SquareSegmentedControl.swift in Sources */ = {isa = PBXBuildFile; fileRef = 920165982355F811006D5B51 /* SquareSegmentedControl.swift */; };
		921E2206236C2BED00B1C1FA /* StaticViewController.swift in Sources */ = {isa = PBXBuildFile; fileRef = 921E2204236C2BED00B1C1FA /* StaticViewController.swift */; };
		921E2207236C2BED00B1C1FA /* TableViewController.swift in Sources */ = {isa = PBXBuildFile; fileRef = 921E2205236C2BED00B1C1FA /* TableViewController.swift */; };
		9222AE252359B14B00051F06 /* PSPDFTouchForwardingView.swift in Sources */ = {isa = PBXBuildFile; fileRef = 9222AE242359B14B00051F06 /* PSPDFTouchForwardingView.swift */; };
/* End PBXBuildFile section */

/* Begin PBXFileReference section */
		29161AC12359D8C600B2C564 /* DrawerSnapPoint.swift */ = {isa = PBXFileReference; lastKnownFileType = sourcecode.swift; path = DrawerSnapPoint.swift; sourceTree = "<group>"; };
		9201657A2355A8FD006D5B51 /* DrawerTest.app */ = {isa = PBXFileReference; explicitFileType = wrapper.application; includeInIndex = 0; path = DrawerTest.app; sourceTree = BUILT_PRODUCTS_DIR; };
		9201657D2355A8FD006D5B51 /* AppDelegate.swift */ = {isa = PBXFileReference; lastKnownFileType = sourcecode.swift; path = AppDelegate.swift; sourceTree = "<group>"; };
		920165812355A8FD006D5B51 /* ViewController.swift */ = {isa = PBXFileReference; lastKnownFileType = sourcecode.swift; path = ViewController.swift; sourceTree = "<group>"; };
		920165842355A8FD006D5B51 /* Base */ = {isa = PBXFileReference; lastKnownFileType = file.storyboard; name = Base; path = Base.lproj/Main.storyboard; sourceTree = "<group>"; };
		920165862355A900006D5B51 /* Assets.xcassets */ = {isa = PBXFileReference; lastKnownFileType = folder.assetcatalog; path = Assets.xcassets; sourceTree = "<group>"; };
		920165892355A900006D5B51 /* Base */ = {isa = PBXFileReference; lastKnownFileType = file.storyboard; name = Base; path = Base.lproj/LaunchScreen.storyboard; sourceTree = "<group>"; };
		9201658B2355A900006D5B51 /* Info.plist */ = {isa = PBXFileReference; lastKnownFileType = text.plist.xml; path = Info.plist; sourceTree = "<group>"; };
		920165922355CC59006D5B51 /* DrawerPresentationController.swift */ = {isa = PBXFileReference; lastKnownFileType = sourcecode.swift; path = DrawerPresentationController.swift; sourceTree = "<group>"; };
		920165942355CC6B006D5B51 /* DrawerTransitioningDelegate.swift */ = {isa = PBXFileReference; lastKnownFileType = sourcecode.swift; path = DrawerTransitioningDelegate.swift; sourceTree = "<group>"; };
		920165962355CC7D006D5B51 /* DrawerViewController.swift */ = {isa = PBXFileReference; lastKnownFileType = sourcecode.swift; path = DrawerViewController.swift; sourceTree = "<group>"; };
		920165982355F811006D5B51 /* SquareSegmentedControl.swift */ = {isa = PBXFileReference; lastKnownFileType = sourcecode.swift; path = SquareSegmentedControl.swift; sourceTree = "<group>"; };
		921E2204236C2BED00B1C1FA /* StaticViewController.swift */ = {isa = PBXFileReference; fileEncoding = 4; lastKnownFileType = sourcecode.swift; path = StaticViewController.swift; sourceTree = "<group>"; };
		921E2205236C2BED00B1C1FA /* TableViewController.swift */ = {isa = PBXFileReference; fileEncoding = 4; lastKnownFileType = sourcecode.swift; path = TableViewController.swift; sourceTree = "<group>"; };
		9222AE242359B14B00051F06 /* PSPDFTouchForwardingView.swift */ = {isa = PBXFileReference; fileEncoding = 4; lastKnownFileType = sourcecode.swift; path = PSPDFTouchForwardingView.swift; sourceTree = "<group>"; };
/* End PBXFileReference section */

/* Begin PBXFrameworksBuildPhase section */
		920165772355A8FD006D5B51 /* Frameworks */ = {
			isa = PBXFrameworksBuildPhase;
			buildActionMask = 2147483647;
			files = (
			);
			runOnlyForDeploymentPostprocessing = 0;
		};
/* End PBXFrameworksBuildPhase section */

/* Begin PBXGroup section */
		920165712355A8FD006D5B51 = {
			isa = PBXGroup;
			children = (
				9201657C2355A8FD006D5B51 /* DrawerTest */,
				9201657B2355A8FD006D5B51 /* Products */,
			);
			sourceTree = "<group>";
		};
		9201657B2355A8FD006D5B51 /* Products */ = {
			isa = PBXGroup;
			children = (
				9201657A2355A8FD006D5B51 /* DrawerTest.app */,
			);
			name = Products;
			sourceTree = "<group>";
		};
		9201657C2355A8FD006D5B51 /* DrawerTest */ = {
			isa = PBXGroup;
			children = (
				9201657D2355A8FD006D5B51 /* AppDelegate.swift */,
				920165862355A900006D5B51 /* Assets.xcassets */,
				920165912355CC4B006D5B51 /* Drawer */,
				9201658B2355A900006D5B51 /* Info.plist */,
				920165882355A900006D5B51 /* LaunchScreen.storyboard */,
				920165832355A8FD006D5B51 /* Main.storyboard */,
				920165982355F811006D5B51 /* SquareSegmentedControl.swift */,
				921E2204236C2BED00B1C1FA /* StaticViewController.swift */,
				921E2205236C2BED00B1C1FA /* TableViewController.swift */,
				920165812355A8FD006D5B51 /* ViewController.swift */,
			);
			path = DrawerTest;
			sourceTree = "<group>";
		};
		920165912355CC4B006D5B51 /* Drawer */ = {
			isa = PBXGroup;
			children = (
				920165922355CC59006D5B51 /* DrawerPresentationController.swift */,
				29161AC12359D8C600B2C564 /* DrawerSnapPoint.swift */,
				920165942355CC6B006D5B51 /* DrawerTransitioningDelegate.swift */,
				920165962355CC7D006D5B51 /* DrawerViewController.swift */,
				9222AE242359B14B00051F06 /* PSPDFTouchForwardingView.swift */,
			);
			path = Drawer;
			sourceTree = "<group>";
		};
/* End PBXGroup section */

/* Begin PBXNativeTarget section */
		920165792355A8FD006D5B51 /* DrawerTest */ = {
			isa = PBXNativeTarget;
			buildConfigurationList = 9201658E2355A900006D5B51 /* Build configuration list for PBXNativeTarget "DrawerTest" */;
			buildPhases = (
				920165762355A8FD006D5B51 /* Sources */,
				920165772355A8FD006D5B51 /* Frameworks */,
				920165782355A8FD006D5B51 /* Resources */,
			);
			buildRules = (
			);
			dependencies = (
			);
			name = DrawerTest;
			productName = DrawerTest;
			productReference = 9201657A2355A8FD006D5B51 /* DrawerTest.app */;
			productType = "com.apple.product-type.application";
		};
/* End PBXNativeTarget section */

/* Begin PBXProject section */
		920165722355A8FD006D5B51 /* Project object */ = {
			isa = PBXProject;
			attributes = {
				LastSwiftUpdateCheck = 1110;
				LastUpgradeCheck = 1110;
				ORGANIZATIONNAME = Shortcut;
				TargetAttributes = {
					920165792355A8FD006D5B51 = {
						CreatedOnToolsVersion = 11.1;
					};
				};
			};
			buildConfigurationList = 920165752355A8FD006D5B51 /* Build configuration list for PBXProject "DrawerTest" */;
			compatibilityVersion = "Xcode 9.3";
			developmentRegion = en;
			hasScannedForEncodings = 0;
			knownRegions = (
				en,
				Base,
			);
			mainGroup = 920165712355A8FD006D5B51;
			productRefGroup = 9201657B2355A8FD006D5B51 /* Products */;
			projectDirPath = "";
			projectRoot = "";
			targets = (
				920165792355A8FD006D5B51 /* DrawerTest */,
			);
		};
/* End PBXProject section */

/* Begin PBXResourcesBuildPhase section */
		920165782355A8FD006D5B51 /* Resources */ = {
			isa = PBXResourcesBuildPhase;
			buildActionMask = 2147483647;
			files = (
				9201658A2355A900006D5B51 /* LaunchScreen.storyboard in Resources */,
				920165872355A900006D5B51 /* Assets.xcassets in Resources */,
				920165852355A8FD006D5B51 /* Main.storyboard in Resources */,
			);
			runOnlyForDeploymentPostprocessing = 0;
		};
/* End PBXResourcesBuildPhase section */

/* Begin PBXSourcesBuildPhase section */
		920165762355A8FD006D5B51 /* Sources */ = {
			isa = PBXSourcesBuildPhase;
			buildActionMask = 2147483647;
			files = (
				920165952355CC6B006D5B51 /* DrawerTransitioningDelegate.swift in Sources */,
				920165822355A8FD006D5B51 /* ViewController.swift in Sources */,
				9201657E2355A8FD006D5B51 /* AppDelegate.swift in Sources */,
				921E2207236C2BED00B1C1FA /* TableViewController.swift in Sources */,
				920165932355CC59006D5B51 /* DrawerPresentationController.swift in Sources */,
				921E2206236C2BED00B1C1FA /* StaticViewController.swift in Sources */,
				920165992355F811006D5B51 /* SquareSegmentedControl.swift in Sources */,
				920165972355CC7D006D5B51 /* DrawerViewController.swift in Sources */,
				9222AE252359B14B00051F06 /* PSPDFTouchForwardingView.swift in Sources */,
				29161AC22359D8C600B2C564 /* DrawerSnapPoint.swift in Sources */,
			);
			runOnlyForDeploymentPostprocessing = 0;
		};
/* End PBXSourcesBuildPhase section */

/* Begin PBXVariantGroup section */
		920165832355A8FD006D5B51 /* Main.storyboard */ = {
			isa = PBXVariantGroup;
			children = (
				920165842355A8FD006D5B51 /* Base */,
			);
			name = Main.storyboard;
			sourceTree = "<group>";
		};
		920165882355A900006D5B51 /* LaunchScreen.storyboard */ = {
			isa = PBXVariantGroup;
			children = (
				920165892355A900006D5B51 /* Base */,
			);
			name = LaunchScreen.storyboard;
			sourceTree = "<group>";
		};
/* End PBXVariantGroup section */

/* Begin XCBuildConfiguration section */
		9201658C2355A900006D5B51 /* Debug */ = {
			isa = XCBuildConfiguration;
			buildSettings = {
				ALWAYS_SEARCH_USER_PATHS = NO;
				CLANG_ANALYZER_NONNULL = YES;
				CLANG_ANALYZER_NUMBER_OBJECT_CONVERSION = YES_AGGRESSIVE;
				CLANG_CXX_LANGUAGE_STANDARD = "gnu++14";
				CLANG_CXX_LIBRARY = "libc++";
				CLANG_ENABLE_MODULES = YES;
				CLANG_ENABLE_OBJC_ARC = YES;
				CLANG_ENABLE_OBJC_WEAK = YES;
				CLANG_WARN_BLOCK_CAPTURE_AUTORELEASING = YES;
				CLANG_WARN_BOOL_CONVERSION = YES;
				CLANG_WARN_COMMA = YES;
				CLANG_WARN_CONSTANT_CONVERSION = YES;
				CLANG_WARN_DEPRECATED_OBJC_IMPLEMENTATIONS = YES;
				CLANG_WARN_DIRECT_OBJC_ISA_USAGE = YES_ERROR;
				CLANG_WARN_DOCUMENTATION_COMMENTS = YES;
				CLANG_WARN_EMPTY_BODY = YES;
				CLANG_WARN_ENUM_CONVERSION = YES;
				CLANG_WARN_INFINITE_RECURSION = YES;
				CLANG_WARN_INT_CONVERSION = YES;
				CLANG_WARN_NON_LITERAL_NULL_CONVERSION = YES;
				CLANG_WARN_OBJC_IMPLICIT_RETAIN_SELF = YES;
				CLANG_WARN_OBJC_LITERAL_CONVERSION = YES;
				CLANG_WARN_OBJC_ROOT_CLASS = YES_ERROR;
				CLANG_WARN_RANGE_LOOP_ANALYSIS = YES;
				CLANG_WARN_STRICT_PROTOTYPES = YES;
				CLANG_WARN_SUSPICIOUS_MOVE = YES;
				CLANG_WARN_UNGUARDED_AVAILABILITY = YES_AGGRESSIVE;
				CLANG_WARN_UNREACHABLE_CODE = YES;
				CLANG_WARN__DUPLICATE_METHOD_MATCH = YES;
				COPY_PHASE_STRIP = NO;
				DEBUG_INFORMATION_FORMAT = dwarf;
				ENABLE_STRICT_OBJC_MSGSEND = YES;
				ENABLE_TESTABILITY = YES;
				GCC_C_LANGUAGE_STANDARD = gnu11;
				GCC_DYNAMIC_NO_PIC = NO;
				GCC_NO_COMMON_BLOCKS = YES;
				GCC_OPTIMIZATION_LEVEL = 0;
				GCC_PREPROCESSOR_DEFINITIONS = (
					"DEBUG=1",
					"$(inherited)",
				);
				GCC_WARN_64_TO_32_BIT_CONVERSION = YES;
				GCC_WARN_ABOUT_RETURN_TYPE = YES_ERROR;
				GCC_WARN_UNDECLARED_SELECTOR = YES;
				GCC_WARN_UNINITIALIZED_AUTOS = YES_AGGRESSIVE;
				GCC_WARN_UNUSED_FUNCTION = YES;
				GCC_WARN_UNUSED_VARIABLE = YES;
				IPHONEOS_DEPLOYMENT_TARGET = 11.2;
				MTL_ENABLE_DEBUG_INFO = INCLUDE_SOURCE;
				MTL_FAST_MATH = YES;
				ONLY_ACTIVE_ARCH = YES;
				SDKROOT = iphoneos;
				SWIFT_ACTIVE_COMPILATION_CONDITIONS = DEBUG;
				SWIFT_OPTIMIZATION_LEVEL = "-Onone";
			};
			name = Debug;
		};
		9201658D2355A900006D5B51 /* Release */ = {
			isa = XCBuildConfiguration;
			buildSettings = {
				ALWAYS_SEARCH_USER_PATHS = NO;
				CLANG_ANALYZER_NONNULL = YES;
				CLANG_ANALYZER_NUMBER_OBJECT_CONVERSION = YES_AGGRESSIVE;
				CLANG_CXX_LANGUAGE_STANDARD = "gnu++14";
				CLANG_CXX_LIBRARY = "libc++";
				CLANG_ENABLE_MODULES = YES;
				CLANG_ENABLE_OBJC_ARC = YES;
				CLANG_ENABLE_OBJC_WEAK = YES;
				CLANG_WARN_BLOCK_CAPTURE_AUTORELEASING = YES;
				CLANG_WARN_BOOL_CONVERSION = YES;
				CLANG_WARN_COMMA = YES;
				CLANG_WARN_CONSTANT_CONVERSION = YES;
				CLANG_WARN_DEPRECATED_OBJC_IMPLEMENTATIONS = YES;
				CLANG_WARN_DIRECT_OBJC_ISA_USAGE = YES_ERROR;
				CLANG_WARN_DOCUMENTATION_COMMENTS = YES;
				CLANG_WARN_EMPTY_BODY = YES;
				CLANG_WARN_ENUM_CONVERSION = YES;
				CLANG_WARN_INFINITE_RECURSION = YES;
				CLANG_WARN_INT_CONVERSION = YES;
				CLANG_WARN_NON_LITERAL_NULL_CONVERSION = YES;
				CLANG_WARN_OBJC_IMPLICIT_RETAIN_SELF = YES;
				CLANG_WARN_OBJC_LITERAL_CONVERSION = YES;
				CLANG_WARN_OBJC_ROOT_CLASS = YES_ERROR;
				CLANG_WARN_RANGE_LOOP_ANALYSIS = YES;
				CLANG_WARN_STRICT_PROTOTYPES = YES;
				CLANG_WARN_SUSPICIOUS_MOVE = YES;
				CLANG_WARN_UNGUARDED_AVAILABILITY = YES_AGGRESSIVE;
				CLANG_WARN_UNREACHABLE_CODE = YES;
				CLANG_WARN__DUPLICATE_METHOD_MATCH = YES;
				COPY_PHASE_STRIP = NO;
				DEBUG_INFORMATION_FORMAT = "dwarf-with-dsym";
				ENABLE_NS_ASSERTIONS = NO;
				ENABLE_STRICT_OBJC_MSGSEND = YES;
				GCC_C_LANGUAGE_STANDARD = gnu11;
				GCC_NO_COMMON_BLOCKS = YES;
				GCC_WARN_64_TO_32_BIT_CONVERSION = YES;
				GCC_WARN_ABOUT_RETURN_TYPE = YES_ERROR;
				GCC_WARN_UNDECLARED_SELECTOR = YES;
				GCC_WARN_UNINITIALIZED_AUTOS = YES_AGGRESSIVE;
				GCC_WARN_UNUSED_FUNCTION = YES;
				GCC_WARN_UNUSED_VARIABLE = YES;
				IPHONEOS_DEPLOYMENT_TARGET = 11.2;
				MTL_ENABLE_DEBUG_INFO = NO;
				MTL_FAST_MATH = YES;
				SDKROOT = iphoneos;
				SWIFT_COMPILATION_MODE = wholemodule;
				SWIFT_OPTIMIZATION_LEVEL = "-O";
				VALIDATE_PRODUCT = YES;
			};
			name = Release;
		};
		9201658F2355A900006D5B51 /* Debug */ = {
			isa = XCBuildConfiguration;
			buildSettings = {
				ASSETCATALOG_COMPILER_APPICON_NAME = AppIcon;
				CODE_SIGN_STYLE = Automatic;
				DEVELOPMENT_TEAM = DLFLF8ZQDD;
				INFOPLIST_FILE = DrawerTest/Info.plist;
				IPHONEOS_DEPLOYMENT_TARGET = 11.2;
				LD_RUNPATH_SEARCH_PATHS = (
					"$(inherited)",
					"@executable_path/Frameworks",
				);
				PRODUCT_BUNDLE_IDENTIFIER = no.shortcut.DrawerTest;
				PRODUCT_NAME = "$(TARGET_NAME)";
				SWIFT_VERSION = 5.0;
				TARGETED_DEVICE_FAMILY = "1,2";
			};
			name = Debug;
		};
		920165902355A900006D5B51 /* Release */ = {
			isa = XCBuildConfiguration;
			buildSettings = {
				ASSETCATALOG_COMPILER_APPICON_NAME = AppIcon;
				CODE_SIGN_STYLE = Automatic;
				DEVELOPMENT_TEAM = DLFLF8ZQDD;
				INFOPLIST_FILE = DrawerTest/Info.plist;
				IPHONEOS_DEPLOYMENT_TARGET = 11.2;
				LD_RUNPATH_SEARCH_PATHS = (
					"$(inherited)",
					"@executable_path/Frameworks",
				);
				PRODUCT_BUNDLE_IDENTIFIER = no.shortcut.DrawerTest;
				PRODUCT_NAME = "$(TARGET_NAME)";
				SWIFT_VERSION = 5.0;
				TARGETED_DEVICE_FAMILY = "1,2";
			};
			name = Release;
		};
/* End XCBuildConfiguration section */

/* Begin XCConfigurationList section */
		920165752355A8FD006D5B51 /* Build configuration list for PBXProject "DrawerTest" */ = {
			isa = XCConfigurationList;
			buildConfigurations = (
				9201658C2355A900006D5B51 /* Debug */,
				9201658D2355A900006D5B51 /* Release */,
			);
			defaultConfigurationIsVisible = 0;
			defaultConfigurationName = Release;
		};
		9201658E2355A900006D5B51 /* Build configuration list for PBXNativeTarget "DrawerTest" */ = {
			isa = XCConfigurationList;
			buildConfigurations = (
				9201658F2355A900006D5B51 /* Debug */,
				920165902355A900006D5B51 /* Release */,
			);
			defaultConfigurationIsVisible = 0;
			defaultConfigurationName = Release;
		};
/* End XCConfigurationList section */
	};
	rootObject = 920165722355A8FD006D5B51 /* Project object */;
}
