// !$*UTF8*$!
{
	archiveVersion = 1;
	classes = {
	};
	objectVersion = 52;
	objects = {

/* Begin PBXBuildFile section */
		92CC2BB1241FB1490016E443 /* AppDelegate.swift in Sources */ = {isa = PBXBuildFile; fileRef = 92CC2BB0241FB1490016E443 /* AppDelegate.swift */; };
		92CC2BB3241FB1490016E443 /* SceneDelegate.swift in Sources */ = {isa = PBXBuildFile; fileRef = 92CC2BB2241FB1490016E443 /* SceneDelegate.swift */; };
		92CC2BB5241FB1490016E443 /* ViewController.swift in Sources */ = {isa = PBXBuildFile; fileRef = 92CC2BB4241FB1490016E443 /* ViewController.swift */; };
		92CC2BB8241FB1490016E443 /* Main.storyboard in Resources */ = {isa = PBXBuildFile; fileRef = 92CC2BB6241FB1490016E443 /* Main.storyboard */; };
		92CC2BBA241FB14A0016E443 /* Assets.xcassets in Resources */ = {isa = PBXBuildFile; fileRef = 92CC2BB9241FB14A0016E443 /* Assets.xcassets */; };
		92CC2BBD241FB14A0016E443 /* LaunchScreen.storyboard in Resources */ = {isa = PBXBuildFile; fileRef = 92CC2BBB241FB14A0016E443 /* LaunchScreen.storyboard */; };
		92CC2BC7241FB1930016E443 /* Drawer in Frameworks */ = {isa = PBXBuildFile; productRef = 92CC2BC6241FB1930016E443 /* Drawer */; };
		92CC2BC9241FB6D50016E443 /* SearchDrawerViewController.swift in Sources */ = {isa = PBXBuildFile; fileRef = 92CC2BC8241FB6D50016E443 /* SearchDrawerViewController.swift */; };
		92DB5473241FBB2E00F34FF0 /* SearchRecentLocationCell.swift in Sources */ = {isa = PBXBuildFile; fileRef = 92DB5472241FBB2E00F34FF0 /* SearchRecentLocationCell.swift */; };
/* End PBXBuildFile section */

/* Begin PBXFileReference section */
		92CC2BAD241FB1490016E443 /* Maps.app */ = {isa = PBXFileReference; explicitFileType = wrapper.application; includeInIndex = 0; path = Maps.app; sourceTree = BUILT_PRODUCTS_DIR; };
		92CC2BB0241FB1490016E443 /* AppDelegate.swift */ = {isa = PBXFileReference; lastKnownFileType = sourcecode.swift; path = AppDelegate.swift; sourceTree = "<group>"; };
		92CC2BB2241FB1490016E443 /* SceneDelegate.swift */ = {isa = PBXFileReference; lastKnownFileType = sourcecode.swift; path = SceneDelegate.swift; sourceTree = "<group>"; };
		92CC2BB4241FB1490016E443 /* ViewController.swift */ = {isa = PBXFileReference; lastKnownFileType = sourcecode.swift; path = ViewController.swift; sourceTree = "<group>"; };
		92CC2BB7241FB1490016E443 /* Base */ = {isa = PBXFileReference; lastKnownFileType = file.storyboard; name = Base; path = Base.lproj/Main.storyboard; sourceTree = "<group>"; };
		92CC2BB9241FB14A0016E443 /* Assets.xcassets */ = {isa = PBXFileReference; lastKnownFileType = folder.assetcatalog; path = Assets.xcassets; sourceTree = "<group>"; };
		92CC2BBC241FB14A0016E443 /* Base */ = {isa = PBXFileReference; lastKnownFileType = file.storyboard; name = Base; path = Base.lproj/LaunchScreen.storyboard; sourceTree = "<group>"; };
		92CC2BBE241FB14A0016E443 /* Info.plist */ = {isa = PBXFileReference; lastKnownFileType = text.plist.xml; path = Info.plist; sourceTree = "<group>"; };
		92CC2BC4241FB1780016E443 /* ddenis-drawer-test */ = {isa = PBXFileReference; lastKnownFileType = folder; name = "ddenis-drawer-test"; path = ..; sourceTree = "<group>"; };
		92CC2BC8241FB6D50016E443 /* SearchDrawerViewController.swift */ = {isa = PBXFileReference; lastKnownFileType = sourcecode.swift; path = SearchDrawerViewController.swift; sourceTree = "<group>"; };
		92DB5472241FBB2E00F34FF0 /* SearchRecentLocationCell.swift */ = {isa = PBXFileReference; lastKnownFileType = sourcecode.swift; path = SearchRecentLocationCell.swift; sourceTree = "<group>"; };
/* End PBXFileReference section */

/* Begin PBXFrameworksBuildPhase section */
		92CC2BAA241FB1490016E443 /* Frameworks */ = {
			isa = PBXFrameworksBuildPhase;
			buildActionMask = 2147483647;
			files = (
				92CC2BC7241FB1930016E443 /* Drawer in Frameworks */,
			);
			runOnlyForDeploymentPostprocessing = 0;
		};
/* End PBXFrameworksBuildPhase section */

/* Begin PBXGroup section */
		92CC2BA4241FB1490016E443 = {
			isa = PBXGroup;
			children = (
				92CC2BAF241FB1490016E443 /* Maps */,
				92CC2BAE241FB1490016E443 /* Products */,
				92CC2BC4241FB1780016E443 /* ddenis-drawer-test */,
				92CC2BC5241FB1930016E443 /* Frameworks */,
			);
			sourceTree = "<group>";
		};
		92CC2BAE241FB1490016E443 /* Products */ = {
			isa = PBXGroup;
			children = (
				92CC2BAD241FB1490016E443 /* Maps.app */,
			);
			name = Products;
			sourceTree = "<group>";
		};
		92CC2BAF241FB1490016E443 /* Maps */ = {
			isa = PBXGroup;
			children = (
				92CC2BB0241FB1490016E443 /* AppDelegate.swift */,
				92CC2BB9241FB14A0016E443 /* Assets.xcassets */,
				92CC2BBE241FB14A0016E443 /* Info.plist */,
				92CC2BBB241FB14A0016E443 /* LaunchScreen.storyboard */,
				92CC2BB6241FB1490016E443 /* Main.storyboard */,
				92CC2BB2241FB1490016E443 /* SceneDelegate.swift */,
				92CC2BC8241FB6D50016E443 /* SearchDrawerViewController.swift */,
				92DB5472241FBB2E00F34FF0 /* SearchRecentLocationCell.swift */,
				92CC2BB4241FB1490016E443 /* ViewController.swift */,
			);
			path = Maps;
			sourceTree = "<group>";
		};
		92CC2BC5241FB1930016E443 /* Frameworks */ = {
			isa = PBXGroup;
			children = (
			);
			name = Frameworks;
			sourceTree = "<group>";
		};
/* End PBXGroup section */

/* Begin PBXNativeTarget section */
		92CC2BAC241FB1490016E443 /* Maps */ = {
			isa = PBXNativeTarget;
			buildConfigurationList = 92CC2BC1241FB14A0016E443 /* Build configuration list for PBXNativeTarget "Maps" */;
			buildPhases = (
				92CC2BA9241FB1490016E443 /* Sources */,
				92CC2BAA241FB1490016E443 /* Frameworks */,
				92CC2BAB241FB1490016E443 /* Resources */,
			);
			buildRules = (
			);
			dependencies = (
			);
			name = Maps;
			packageProductDependencies = (
				92CC2BC6241FB1930016E443 /* Drawer */,
			);
			productName = Maps;
			productReference = 92CC2BAD241FB1490016E443 /* Maps.app */;
			productType = "com.apple.product-type.application";
		};
/* End PBXNativeTarget section */

/* Begin PBXProject section */
		92CC2BA5241FB1490016E443 /* Project object */ = {
			isa = PBXProject;
			attributes = {
				LastSwiftUpdateCheck = 1130;
				LastUpgradeCheck = 1130;
				ORGANIZATIONNAME = Shortcut;
				TargetAttributes = {
					92CC2BAC241FB1490016E443 = {
						CreatedOnToolsVersion = 11.3.1;
					};
				};
			};
			buildConfigurationList = 92CC2BA8241FB1490016E443 /* Build configuration list for PBXProject "Maps" */;
			compatibilityVersion = "Xcode 9.3";
			developmentRegion = en;
			hasScannedForEncodings = 0;
			knownRegions = (
				en,
				Base,
			);
			mainGroup = 92CC2BA4241FB1490016E443;
			productRefGroup = 92CC2BAE241FB1490016E443 /* Products */;
			projectDirPath = "";
			projectRoot = "";
			targets = (
				92CC2BAC241FB1490016E443 /* Maps */,
			);
		};
/* End PBXProject section */

/* Begin PBXResourcesBuildPhase section */
		92CC2BAB241FB1490016E443 /* Resources */ = {
			isa = PBXResourcesBuildPhase;
			buildActionMask = 2147483647;
			files = (
				92CC2BBD241FB14A0016E443 /* LaunchScreen.storyboard in Resources */,
				92CC2BBA241FB14A0016E443 /* Assets.xcassets in Resources */,
				92CC2BB8241FB1490016E443 /* Main.storyboard in Resources */,
			);
			runOnlyForDeploymentPostprocessing = 0;
		};
/* End PBXResourcesBuildPhase section */

/* Begin PBXSourcesBuildPhase section */
		92CC2BA9241FB1490016E443 /* Sources */ = {
			isa = PBXSourcesBuildPhase;
			buildActionMask = 2147483647;
			files = (
				92DB5473241FBB2E00F34FF0 /* SearchRecentLocationCell.swift in Sources */,
				92CC2BB5241FB1490016E443 /* ViewController.swift in Sources */,
				92CC2BB1241FB1490016E443 /* AppDelegate.swift in Sources */,
				92CC2BC9241FB6D50016E443 /* SearchDrawerViewController.swift in Sources */,
				92CC2BB3241FB1490016E443 /* SceneDelegate.swift in Sources */,
			);
			runOnlyForDeploymentPostprocessing = 0;
		};
/* End PBXSourcesBuildPhase section */

/* Begin PBXVariantGroup section */
		92CC2BB6241FB1490016E443 /* Main.storyboard */ = {
			isa = PBXVariantGroup;
			children = (
				92CC2BB7241FB1490016E443 /* Base */,
			);
			name = Main.storyboard;
			sourceTree = "<group>";
		};
		92CC2BBB241FB14A0016E443 /* LaunchScreen.storyboard */ = {
			isa = PBXVariantGroup;
			children = (
				92CC2BBC241FB14A0016E443 /* Base */,
			);
			name = LaunchScreen.storyboard;
			sourceTree = "<group>";
		};
/* End PBXVariantGroup section */

/* Begin XCBuildConfiguration section */
		92CC2BBF241FB14A0016E443 /* Debug */ = {
			isa = XCBuildConfiguration;
			buildSettings = {
				ALWAYS_SEARCH_USER_PATHS = NO;
				CLANG_ANALYZER_NONNULL = YES;
				CLANG_ANALYZER_NUMBER_OBJECT_CONVERSION = YES_AGGRESSIVE;
				CLANG_CXX_LANGUAGE_STANDARD = "gnu++14";
				CLANG_CXX_LIBRARY = "libc++";
				CLANG_ENABLE_MODULES = YES;
				CLANG_ENABLE_OBJC_ARC = YES;
				CLANG_ENABLE_OBJC_WEAK = YES;
				CLANG_WARN_BLOCK_CAPTURE_AUTORELEASING = YES;
				CLANG_WARN_BOOL_CONVERSION = YES;
				CLANG_WARN_COMMA = YES;
				CLANG_WARN_CONSTANT_CONVERSION = YES;
				CLANG_WARN_DEPRECATED_OBJC_IMPLEMENTATIONS = YES;
				CLANG_WARN_DIRECT_OBJC_ISA_USAGE = YES_ERROR;
				CLANG_WARN_DOCUMENTATION_COMMENTS = YES;
				CLANG_WARN_EMPTY_BODY = YES;
				CLANG_WARN_ENUM_CONVERSION = YES;
				CLANG_WARN_INFINITE_RECURSION = YES;
				CLANG_WARN_INT_CONVERSION = YES;
				CLANG_WARN_NON_LITERAL_NULL_CONVERSION = YES;
				CLANG_WARN_OBJC_IMPLICIT_RETAIN_SELF = YES;
				CLANG_WARN_OBJC_LITERAL_CONVERSION = YES;
				CLANG_WARN_OBJC_ROOT_CLASS = YES_ERROR;
				CLANG_WARN_RANGE_LOOP_ANALYSIS = YES;
				CLANG_WARN_STRICT_PROTOTYPES = YES;
				CLANG_WARN_SUSPICIOUS_MOVE = YES;
				CLANG_WARN_UNGUARDED_AVAILABILITY = YES_AGGRESSIVE;
				CLANG_WARN_UNREACHABLE_CODE = YES;
				CLANG_WARN__DUPLICATE_METHOD_MATCH = YES;
				COPY_PHASE_STRIP = NO;
				DEBUG_INFORMATION_FORMAT = dwarf;
				ENABLE_STRICT_OBJC_MSGSEND = YES;
				ENABLE_TESTABILITY = YES;
				GCC_C_LANGUAGE_STANDARD = gnu11;
				GCC_DYNAMIC_NO_PIC = NO;
				GCC_NO_COMMON_BLOCKS = YES;
				GCC_OPTIMIZATION_LEVEL = 0;
				GCC_PREPROCESSOR_DEFINITIONS = (
					"DEBUG=1",
					"$(inherited)",
				);
				GCC_WARN_64_TO_32_BIT_CONVERSION = YES;
				GCC_WARN_ABOUT_RETURN_TYPE = YES_ERROR;
				GCC_WARN_UNDECLARED_SELECTOR = YES;
				GCC_WARN_UNINITIALIZED_AUTOS = YES_AGGRESSIVE;
				GCC_WARN_UNUSED_FUNCTION = YES;
				GCC_WARN_UNUSED_VARIABLE = YES;
				IPHONEOS_DEPLOYMENT_TARGET = 13.2;
				MTL_ENABLE_DEBUG_INFO = INCLUDE_SOURCE;
				MTL_FAST_MATH = YES;
				ONLY_ACTIVE_ARCH = YES;
				SDKROOT = iphoneos;
				SWIFT_ACTIVE_COMPILATION_CONDITIONS = DEBUG;
				SWIFT_OPTIMIZATION_LEVEL = "-Onone";
			};
			name = Debug;
		};
		92CC2BC0241FB14A0016E443 /* Release */ = {
			isa = XCBuildConfiguration;
			buildSettings = {
				ALWAYS_SEARCH_USER_PATHS = NO;
				CLANG_ANALYZER_NONNULL = YES;
				CLANG_ANALYZER_NUMBER_OBJECT_CONVERSION = YES_AGGRESSIVE;
				CLANG_CXX_LANGUAGE_STANDARD = "gnu++14";
				CLANG_CXX_LIBRARY = "libc++";
				CLANG_ENABLE_MODULES = YES;
				CLANG_ENABLE_OBJC_ARC = YES;
				CLANG_ENABLE_OBJC_WEAK = YES;
				CLANG_WARN_BLOCK_CAPTURE_AUTORELEASING = YES;
				CLANG_WARN_BOOL_CONVERSION = YES;
				CLANG_WARN_COMMA = YES;
				CLANG_WARN_CONSTANT_CONVERSION = YES;
				CLANG_WARN_DEPRECATED_OBJC_IMPLEMENTATIONS = YES;
				CLANG_WARN_DIRECT_OBJC_ISA_USAGE = YES_ERROR;
				CLANG_WARN_DOCUMENTATION_COMMENTS = YES;
				CLANG_WARN_EMPTY_BODY = YES;
				CLANG_WARN_ENUM_CONVERSION = YES;
				CLANG_WARN_INFINITE_RECURSION = YES;
				CLANG_WARN_INT_CONVERSION = YES;
				CLANG_WARN_NON_LITERAL_NULL_CONVERSION = YES;
				CLANG_WARN_OBJC_IMPLICIT_RETAIN_SELF = YES;
				CLANG_WARN_OBJC_LITERAL_CONVERSION = YES;
				CLANG_WARN_OBJC_ROOT_CLASS = YES_ERROR;
				CLANG_WARN_RANGE_LOOP_ANALYSIS = YES;
				CLANG_WARN_STRICT_PROTOTYPES = YES;
				CLANG_WARN_SUSPICIOUS_MOVE = YES;
				CLANG_WARN_UNGUARDED_AVAILABILITY = YES_AGGRESSIVE;
				CLANG_WARN_UNREACHABLE_CODE = YES;
				CLANG_WARN__DUPLICATE_METHOD_MATCH = YES;
				COPY_PHASE_STRIP = NO;
				DEBUG_INFORMATION_FORMAT = "dwarf-with-dsym";
				ENABLE_NS_ASSERTIONS = NO;
				ENABLE_STRICT_OBJC_MSGSEND = YES;
				GCC_C_LANGUAGE_STANDARD = gnu11;
				GCC_NO_COMMON_BLOCKS = YES;
				GCC_WARN_64_TO_32_BIT_CONVERSION = YES;
				GCC_WARN_ABOUT_RETURN_TYPE = YES_ERROR;
				GCC_WARN_UNDECLARED_SELECTOR = YES;
				GCC_WARN_UNINITIALIZED_AUTOS = YES_AGGRESSIVE;
				GCC_WARN_UNUSED_FUNCTION = YES;
				GCC_WARN_UNUSED_VARIABLE = YES;
				IPHONEOS_DEPLOYMENT_TARGET = 13.2;
				MTL_ENABLE_DEBUG_INFO = NO;
				MTL_FAST_MATH = YES;
				SDKROOT = iphoneos;
				SWIFT_COMPILATION_MODE = wholemodule;
				SWIFT_OPTIMIZATION_LEVEL = "-O";
				VALIDATE_PRODUCT = YES;
			};
			name = Release;
		};
		92CC2BC2241FB14A0016E443 /* Debug */ = {
			isa = XCBuildConfiguration;
			buildSettings = {
				ASSETCATALOG_COMPILER_APPICON_NAME = AppIcon;
				CODE_SIGN_STYLE = Automatic;
				INFOPLIST_FILE = Maps/Info.plist;
				LD_RUNPATH_SEARCH_PATHS = (
					"$(inherited)",
					"@executable_path/Frameworks",
				);
				PRODUCT_BUNDLE_IDENTIFIER = no.shortcut.Maps;
				PRODUCT_NAME = "$(TARGET_NAME)";
				SWIFT_VERSION = 5.0;
				TARGETED_DEVICE_FAMILY = "1,2";
			};
			name = Debug;
		};
		92CC2BC3241FB14A0016E443 /* Release */ = {
			isa = XCBuildConfiguration;
			buildSettings = {
				ASSETCATALOG_COMPILER_APPICON_NAME = AppIcon;
				CODE_SIGN_STYLE = Automatic;
				INFOPLIST_FILE = Maps/Info.plist;
				LD_RUNPATH_SEARCH_PATHS = (
					"$(inherited)",
					"@executable_path/Frameworks",
				);
				PRODUCT_BUNDLE_IDENTIFIER = no.shortcut.Maps;
				PRODUCT_NAME = "$(TARGET_NAME)";
				SWIFT_VERSION = 5.0;
				TARGETED_DEVICE_FAMILY = "1,2";
			};
			name = Release;
		};
/* End XCBuildConfiguration section */

/* Begin XCConfigurationList section */
		92CC2BA8241FB1490016E443 /* Build configuration list for PBXProject "Maps" */ = {
			isa = XCConfigurationList;
			buildConfigurations = (
				92CC2BBF241FB14A0016E443 /* Debug */,
				92CC2BC0241FB14A0016E443 /* Release */,
			);
			defaultConfigurationIsVisible = 0;
			defaultConfigurationName = Release;
		};
		92CC2BC1241FB14A0016E443 /* Build configuration list for PBXNativeTarget "Maps" */ = {
			isa = XCConfigurationList;
			buildConfigurations = (
				92CC2BC2241FB14A0016E443 /* Debug */,
				92CC2BC3241FB14A0016E443 /* Release */,
			);
			defaultConfigurationIsVisible = 0;
			defaultConfigurationName = Release;
		};
/* End XCConfigurationList section */

/* Begin XCSwiftPackageProductDependency section */
		92CC2BC6241FB1930016E443 /* Drawer */ = {
			isa = XCSwiftPackageProductDependency;
			productName = Drawer;
		};
/* End XCSwiftPackageProductDependency section */
	};
	rootObject = 92CC2BA5241FB1490016E443 /* Project object */;
}
